
Microsoft Visual Studio Solution File, Format Version 12.00
# Visual Studio Version 16
VisualStudioVersion = 16.0.29306.81
MinimumVisualStudioVersion = 10.0.40219.1
Project("{9A19103F-16F7-4668-BE54-9A1E7A4F7556}") = "EventOrganizerKata", "EventOrganizerKata.csproj", "{3691B6E6-BFBA-4464-85E5-400B9DB858A3}"
EndProject
Project("{FAE04EC0-301F-11D3-BF4B-00C04F79EFBC}") = "EventOrganizerKata.Test", "..\EventOrganizerKata.Test\EventOrganizerKata.Test.csproj", "{2CD31CE2-A4C0-4425-BFE3-73DF093FF449}"
EndProject
Global
	GlobalSection(SolutionConfigurationPlatforms) = preSolution
		Debug|Any CPU = Debug|Any CPU
		Release|Any CPU = Release|Any CPU
	EndGlobalSection
	GlobalSection(ProjectConfigurationPlatforms) = postSolution
		{3691B6E6-BFBA-4464-85E5-400B9DB858A3}.Debug|Any CPU.ActiveCfg = Debug|Any CPU
		{3691B6E6-BFBA-4464-85E5-400B9DB858A3}.Debug|Any CPU.Build.0 = Debug|Any CPU
		{3691B6E6-BFBA-4464-85E5-400B9DB858A3}.Release|Any CPU.ActiveCfg = Release|Any CPU
		{3691B6E6-BFBA-4464-85E5-400B9DB858A3}.Release|Any CPU.Build.0 = Release|Any CPU
		{2CD31CE2-A4C0-4425-BFE3-73DF093FF449}.Debug|Any CPU.ActiveCfg = Debug|Any CPU
		{2CD31CE2-A4C0-4425-BFE3-73DF093FF449}.Debug|Any CPU.Build.0 = Debug|Any CPU
		{2CD31CE2-A4C0-4425-BFE3-73DF093FF449}.Release|Any CPU.ActiveCfg = Release|Any CPU
		{2CD31CE2-A4C0-4425-BFE3-73DF093FF449}.Release|Any CPU.Build.0 = Release|Any CPU
	EndGlobalSection
	GlobalSection(SolutionProperties) = preSolution
		HideSolutionNode = FALSE
	EndGlobalSection
	GlobalSection(ExtensibilityGlobals) = postSolution
		SolutionGuid = {A96196AE-FE93-4849-B2DB-A36D8A29346F}
	EndGlobalSection
EndGlobal
