
Microsoft Visual Studio Solution File, Format Version 12.00
# Visual Studio Version 16
VisualStudioVersion = 16.0.29306.81
MinimumVisualStudioVersion = 10.0.40219.1
Project("{FAE04EC0-301F-11D3-BF4B-00C04F79EFBC}") = "EventOrganizerKata", "EventOrganizerKata.csproj", "{D86BCF70-4C2E-4A23-8578-9857B12E2FE5}"
EndProject
Project("{FAE04EC0-301F-11D3-BF4B-00C04F79EFBC}") = "EventOrganizerKataTests", "..\EventOrganizerKataTests\EventOrganizerKataTests.csproj", "{46017EA8-31BE-4C32-9726-4C0DB4C95F0C}"
EndProject
Global
	GlobalSection(SolutionConfigurationPlatforms) = preSolution
		Debug|Any CPU = Debug|Any CPU
		Release|Any CPU = Release|Any CPU
	EndGlobalSection
	GlobalSection(ProjectConfigurationPlatforms) = postSolution
		{D86BCF70-4C2E-4A23-8578-9857B12E2FE5}.Debug|Any CPU.ActiveCfg = Debug|Any CPU
		{D86BCF70-4C2E-4A23-8578-9857B12E2FE5}.Debug|Any CPU.Build.0 = Debug|Any CPU
		{D86BCF70-4C2E-4A23-8578-9857B12E2FE5}.Release|Any CPU.ActiveCfg = Release|Any CPU
		{D86BCF70-4C2E-4A23-8578-9857B12E2FE5}.Release|Any CPU.Build.0 = Release|Any CPU
		{46017EA8-31BE-4C32-9726-4C0DB4C95F0C}.Debug|Any CPU.ActiveCfg = Debug|Any CPU
		{46017EA8-31BE-4C32-9726-4C0DB4C95F0C}.Debug|Any CPU.Build.0 = Debug|Any CPU
		{46017EA8-31BE-4C32-9726-4C0DB4C95F0C}.Release|Any CPU.ActiveCfg = Release|Any CPU
		{46017EA8-31BE-4C32-9726-4C0DB4C95F0C}.Release|Any CPU.Build.0 = Release|Any CPU
	EndGlobalSection
	GlobalSection(SolutionProperties) = preSolution
		HideSolutionNode = FALSE
	EndGlobalSection
	GlobalSection(ExtensibilityGlobals) = postSolution
		SolutionGuid = {E16EB8E5-8B9E-4B13-9B41-CC43BB87B265}
	EndGlobalSection
EndGlobal
